
Microsoft Visual Studio Solution File, Format Version 12.00
# Visual Studio 14
VisualStudioVersion = 14.0.24720.0
MinimumVisualStudioVersion = 10.0.40219.1
Project("{8BC9CEB8-8B4A-11D0-8D11-00A0C91BC942}") = "CPP", "LeetCodeTest\LeetCodeTest.vcxproj", "{8A52D525-52AF-4134-BB25-2F86AAE07FFE}"
EndProject
Project("{8BC9CEB8-8B4A-11D0-8D11-00A0C91BC942}") = "ThreadTest", "ThreadTest\ThreadTest.vcxproj", "{31D22F47-8F5C-465B-96EC-5458C09D9BC3}"
EndProject
Project("{2150E333-8FDC-42A3-9474-1A3956D46DE8}") = "Practice", "Practice", "{A5E4F5C3-2087-4DD7-AC80-D245859FB93A}"
EndProject
Project("{2150E333-8FDC-42A3-9474-1A3956D46DE8}") = "Real", "Real", "{24917CCB-FB66-46E0-B605-E7A74D66092B}"
EndProject
Project("{2150E333-8FDC-42A3-9474-1A3956D46DE8}") = "AMZN", "AMZN", "{A48DF91E-B15D-4B16-B0A2-CB470666B2AA}"
EndProject
Project("{2150E333-8FDC-42A3-9474-1A3956D46DE8}") = "Bluware", "Bluware", "{B6B2BC46-53FB-4C46-8E49-E658CCBB0371}"
EndProject
Project("{2150E333-8FDC-42A3-9474-1A3956D46DE8}") = "Others", "Others", "{4D6A157C-6F5F-49A5-876C-62054FF1160C}"
EndProject
Project("{FAE04EC0-301F-11D3-BF4B-00C04F79EFBC}") = "MvvmExampleStep8", "Others\MvvmExample\MvvmExampleStep8.csproj", "{41E4B84D-456B-40C4-A921-82A8FB81F5FD}"
EndProject
Project("{E24C65DC-7377-472B-9ABA-BC803B73C61A}") = "JavascriptTest", "Others\JavascriptTest\", "{62B49451-D1FE-44AA-86A4-B783B7B00CC7}"
	ProjectSection(WebsiteProperties) = preProject
		TargetFrameworkMoniker = ".NETFramework,Version%3Dv4.5.2"
		Debug.AspNetCompiler.VirtualPath = "/localhost_22358"
		Debug.AspNetCompiler.PhysicalPath = "Others\JavascriptTest\"
		Debug.AspNetCompiler.TargetPath = "PrecompiledWeb\localhost_22358\"
		Debug.AspNetCompiler.Updateable = "true"
		Debug.AspNetCompiler.ForceOverwrite = "true"
		Debug.AspNetCompiler.FixedNames = "false"
		Debug.AspNetCompiler.Debug = "True"
		Release.AspNetCompiler.VirtualPath = "/localhost_22358"
		Release.AspNetCompiler.PhysicalPath = "Others\JavascriptTest\"
		Release.AspNetCompiler.TargetPath = "PrecompiledWeb\localhost_22358\"
		Release.AspNetCompiler.Updateable = "true"
		Release.AspNetCompiler.ForceOverwrite = "true"
		Release.AspNetCompiler.FixedNames = "false"
		Release.AspNetCompiler.Debug = "False"
		VWDPort = "22358"
		SlnRelativePath = "Others\JavascriptTest\"
		DefaultWebSiteLanguage = "Visual C#"
	EndProjectSection
EndProject
Project("{8BC9CEB8-8B4A-11D0-8D11-00A0C91BC942}") = "CppTest", "Others\CPPTest\CPPTest.vcxproj", "{61D79FA7-6176-43CA-B89E-9302777711C9}"
EndProject
Project("{8BC9CEB8-8B4A-11D0-8D11-00A0C91BC942}") = "DyanPropTests", "Interviews\DyanPropTests\DyanPropTests.vcxproj", "{02322F23-F4B3-4994-BF36-A6D6AEAF7018}"
EndProject
Project("{FAE04EC0-301F-11D3-BF4B-00C04F79EFBC}") = "MovieRecommendation", "Interviews\Amazon\MovieRecommendation\MovieRecommendation.csproj", "{175BAB23-1B9D-4A9B-A8AE-0873A99AFDAD}"
EndProject
Project("{FAE04EC0-301F-11D3-BF4B-00C04F79EFBC}") = "SocialNetwork", "Interviews\Amazon\SocialNetwork\SocialNetwork.csproj", "{D4938BEF-4223-4739-9D63-9963021674A3}"
EndProject
Project("{8BC9CEB8-8B4A-11D0-8D11-00A0C91BC942}") = "StaticTest", "Others\StaticTest\StaticTest.vcxproj", "{008128C5-1C45-4146-9E8F-2AF16369116A}"
EndProject
Project("{F088123C-0E9E-452A-89E6-6BA2F21D5CAC}") = "UML", "OOD\UML.modelproj", "{87667AC4-4005-4820-B0EF-D023FE66F8D7}"
EndProject
Project("{8BC9CEB8-8B4A-11D0-8D11-00A0C91BC942}") = "ThreadTest", "Others\ThreadTest\ThreadTest.vcxproj", "{704F7547-429D-4B6E-8E6B-14260417A8CD}"
EndProject
Project("{2150E333-8FDC-42A3-9474-1A3956D46DE8}") = "SocketTest", "SocketTest", "{A35F395E-65DF-4381-A9F1-F70674187724}"
EndProject
Project("{8BC9CEB8-8B4A-11D0-8D11-00A0C91BC942}") = "SocketServer", "SocketTest\SocketServer\SocketServer.vcxproj", "{67F96E6F-687D-43DE-92DE-9ABBA0C1BC86}"
EndProject
Project("{8BC9CEB8-8B4A-11D0-8D11-00A0C91BC942}") = "SocketClient", "SocketTest\SocketClient\SocketClient.vcxproj", "{99A83325-1E60-423D-A9C5-93BBCFA4DD69}"
EndProject
Project("{FAE04EC0-301F-11D3-BF4B-00C04F79EFBC}") = "SocketsDotNetClient", "SocketTest\SocketsDotNet\SocketsDotNetClient.csproj", "{2A44919E-B774-4369-BB9D-638BC684BF0D}"
EndProject
Project("{FAE04EC0-301F-11D3-BF4B-00C04F79EFBC}") = "SocketsDotNetServer", "SocketTest\SocketsServerDotNet\SocketsDotNetServer.csproj", "{C99EB2AF-9191-4E82-BB4A-6AFD7B1A1CFF}"
EndProject
Project("{2150E333-8FDC-42A3-9474-1A3956D46DE8}") = "DotNet", "DotNet", "{11745E10-B5CD-4B0D-8A19-7182C588950F}"
EndProject
Global
	GlobalSection(SolutionConfigurationPlatforms) = preSolution
		Debug|Any CPU = Debug|Any CPU
		Debug|ARM = Debug|ARM
		Debug|Mixed Platforms = Debug|Mixed Platforms
		Debug|Win32 = Debug|Win32
		Debug|x64 = Debug|x64
		Debug|x86 = Debug|x86
		Release|Any CPU = Release|Any CPU
		Release|ARM = Release|ARM
		Release|Mixed Platforms = Release|Mixed Platforms
		Release|Win32 = Release|Win32
		Release|x64 = Release|x64
		Release|x86 = Release|x86
	EndGlobalSection
	GlobalSection(ProjectConfigurationPlatforms) = postSolution
		{8A52D525-52AF-4134-BB25-2F86AAE07FFE}.Debug|Any CPU.ActiveCfg = Debug|Win32
		{8A52D525-52AF-4134-BB25-2F86AAE07FFE}.Debug|ARM.ActiveCfg = Debug|Win32
		{8A52D525-52AF-4134-BB25-2F86AAE07FFE}.Debug|Mixed Platforms.ActiveCfg = Debug|Win32
		{8A52D525-52AF-4134-BB25-2F86AAE07FFE}.Debug|Mixed Platforms.Build.0 = Debug|Win32
		{8A52D525-52AF-4134-BB25-2F86AAE07FFE}.Debug|Win32.ActiveCfg = Debug|Win32
		{8A52D525-52AF-4134-BB25-2F86AAE07FFE}.Debug|Win32.Build.0 = Debug|Win32
		{8A52D525-52AF-4134-BB25-2F86AAE07FFE}.Debug|x64.ActiveCfg = Debug|Win32
		{8A52D525-52AF-4134-BB25-2F86AAE07FFE}.Debug|x86.ActiveCfg = Debug|Win32
		{8A52D525-52AF-4134-BB25-2F86AAE07FFE}.Debug|x86.Build.0 = Debug|Win32
		{8A52D525-52AF-4134-BB25-2F86AAE07FFE}.Release|Any CPU.ActiveCfg = Release|Win32
		{8A52D525-52AF-4134-BB25-2F86AAE07FFE}.Release|ARM.ActiveCfg = Release|Win32
		{8A52D525-52AF-4134-BB25-2F86AAE07FFE}.Release|Mixed Platforms.ActiveCfg = Release|Win32
		{8A52D525-52AF-4134-BB25-2F86AAE07FFE}.Release|Mixed Platforms.Build.0 = Release|Win32
		{8A52D525-52AF-4134-BB25-2F86AAE07FFE}.Release|Win32.ActiveCfg = Release|Win32
		{8A52D525-52AF-4134-BB25-2F86AAE07FFE}.Release|Win32.Build.0 = Release|Win32
		{8A52D525-52AF-4134-BB25-2F86AAE07FFE}.Release|x64.ActiveCfg = Release|Win32
		{8A52D525-52AF-4134-BB25-2F86AAE07FFE}.Release|x86.ActiveCfg = Release|Win32
		{8A52D525-52AF-4134-BB25-2F86AAE07FFE}.Release|x86.Build.0 = Release|Win32
		{31D22F47-8F5C-465B-96EC-5458C09D9BC3}.Debug|Any CPU.ActiveCfg = Debug|Win32
		{31D22F47-8F5C-465B-96EC-5458C09D9BC3}.Debug|ARM.ActiveCfg = Debug|Win32
		{31D22F47-8F5C-465B-96EC-5458C09D9BC3}.Debug|Mixed Platforms.ActiveCfg = Debug|Win32
		{31D22F47-8F5C-465B-96EC-5458C09D9BC3}.Debug|Mixed Platforms.Build.0 = Debug|Win32
		{31D22F47-8F5C-465B-96EC-5458C09D9BC3}.Debug|Win32.ActiveCfg = Debug|Win32
		{31D22F47-8F5C-465B-96EC-5458C09D9BC3}.Debug|Win32.Build.0 = Debug|Win32
		{31D22F47-8F5C-465B-96EC-5458C09D9BC3}.Debug|x64.ActiveCfg = Debug|Win32
		{31D22F47-8F5C-465B-96EC-5458C09D9BC3}.Debug|x86.ActiveCfg = Debug|Win32
		{31D22F47-8F5C-465B-96EC-5458C09D9BC3}.Debug|x86.Build.0 = Debug|Win32
		{31D22F47-8F5C-465B-96EC-5458C09D9BC3}.Release|Any CPU.ActiveCfg = Release|Win32
		{31D22F47-8F5C-465B-96EC-5458C09D9BC3}.Release|ARM.ActiveCfg = Release|Win32
		{31D22F47-8F5C-465B-96EC-5458C09D9BC3}.Release|Mixed Platforms.ActiveCfg = Release|Win32
		{31D22F47-8F5C-465B-96EC-5458C09D9BC3}.Release|Mixed Platforms.Build.0 = Release|Win32
		{31D22F47-8F5C-465B-96EC-5458C09D9BC3}.Release|Win32.ActiveCfg = Release|Win32
		{31D22F47-8F5C-465B-96EC-5458C09D9BC3}.Release|Win32.Build.0 = Release|Win32
		{31D22F47-8F5C-465B-96EC-5458C09D9BC3}.Release|x64.ActiveCfg = Release|Win32
		{31D22F47-8F5C-465B-96EC-5458C09D9BC3}.Release|x86.ActiveCfg = Release|Win32
		{31D22F47-8F5C-465B-96EC-5458C09D9BC3}.Release|x86.Build.0 = Release|Win32
		{41E4B84D-456B-40C4-A921-82A8FB81F5FD}.Debug|Any CPU.ActiveCfg = Debug|Any CPU
		{41E4B84D-456B-40C4-A921-82A8FB81F5FD}.Debug|Any CPU.Build.0 = Debug|Any CPU
		{41E4B84D-456B-40C4-A921-82A8FB81F5FD}.Debug|ARM.ActiveCfg = Debug|Any CPU
		{41E4B84D-456B-40C4-A921-82A8FB81F5FD}.Debug|Mixed Platforms.ActiveCfg = Debug|Any CPU
		{41E4B84D-456B-40C4-A921-82A8FB81F5FD}.Debug|Mixed Platforms.Build.0 = Debug|Any CPU
		{41E4B84D-456B-40C4-A921-82A8FB81F5FD}.Debug|Win32.ActiveCfg = Debug|Any CPU
		{41E4B84D-456B-40C4-A921-82A8FB81F5FD}.Debug|x64.ActiveCfg = Debug|Any CPU
		{41E4B84D-456B-40C4-A921-82A8FB81F5FD}.Debug|x86.ActiveCfg = Debug|Any CPU
		{41E4B84D-456B-40C4-A921-82A8FB81F5FD}.Release|Any CPU.ActiveCfg = Release|Any CPU
		{41E4B84D-456B-40C4-A921-82A8FB81F5FD}.Release|Any CPU.Build.0 = Release|Any CPU
		{41E4B84D-456B-40C4-A921-82A8FB81F5FD}.Release|ARM.ActiveCfg = Release|Any CPU
		{41E4B84D-456B-40C4-A921-82A8FB81F5FD}.Release|Mixed Platforms.ActiveCfg = Release|Any CPU
		{41E4B84D-456B-40C4-A921-82A8FB81F5FD}.Release|Mixed Platforms.Build.0 = Release|Any CPU
		{41E4B84D-456B-40C4-A921-82A8FB81F5FD}.Release|Win32.ActiveCfg = Release|Any CPU
		{41E4B84D-456B-40C4-A921-82A8FB81F5FD}.Release|x64.ActiveCfg = Release|Any CPU
		{41E4B84D-456B-40C4-A921-82A8FB81F5FD}.Release|x86.ActiveCfg = Release|Any CPU
		{62B49451-D1FE-44AA-86A4-B783B7B00CC7}.Debug|Any CPU.ActiveCfg = Debug|Any CPU
		{62B49451-D1FE-44AA-86A4-B783B7B00CC7}.Debug|Any CPU.Build.0 = Debug|Any CPU
		{62B49451-D1FE-44AA-86A4-B783B7B00CC7}.Debug|ARM.ActiveCfg = Debug|Any CPU
		{62B49451-D1FE-44AA-86A4-B783B7B00CC7}.Debug|ARM.Build.0 = Debug|Any CPU
		{62B49451-D1FE-44AA-86A4-B783B7B00CC7}.Debug|Mixed Platforms.ActiveCfg = Debug|Any CPU
		{62B49451-D1FE-44AA-86A4-B783B7B00CC7}.Debug|Mixed Platforms.Build.0 = Debug|Any CPU
		{62B49451-D1FE-44AA-86A4-B783B7B00CC7}.Debug|Win32.ActiveCfg = Debug|Any CPU
		{62B49451-D1FE-44AA-86A4-B783B7B00CC7}.Debug|Win32.Build.0 = Debug|Any CPU
		{62B49451-D1FE-44AA-86A4-B783B7B00CC7}.Debug|x64.ActiveCfg = Debug|Any CPU
		{62B49451-D1FE-44AA-86A4-B783B7B00CC7}.Debug|x64.Build.0 = Debug|Any CPU
		{62B49451-D1FE-44AA-86A4-B783B7B00CC7}.Debug|x86.ActiveCfg = Debug|Any CPU
		{62B49451-D1FE-44AA-86A4-B783B7B00CC7}.Debug|x86.Build.0 = Debug|Any CPU
		{62B49451-D1FE-44AA-86A4-B783B7B00CC7}.Release|Any CPU.ActiveCfg = Debug|Any CPU
		{62B49451-D1FE-44AA-86A4-B783B7B00CC7}.Release|Any CPU.Build.0 = Debug|Any CPU
		{62B49451-D1FE-44AA-86A4-B783B7B00CC7}.Release|ARM.ActiveCfg = Debug|Any CPU
		{62B49451-D1FE-44AA-86A4-B783B7B00CC7}.Release|ARM.Build.0 = Debug|Any CPU
		{62B49451-D1FE-44AA-86A4-B783B7B00CC7}.Release|Mixed Platforms.ActiveCfg = Debug|Any CPU
		{62B49451-D1FE-44AA-86A4-B783B7B00CC7}.Release|Mixed Platforms.Build.0 = Debug|Any CPU
		{62B49451-D1FE-44AA-86A4-B783B7B00CC7}.Release|Win32.ActiveCfg = Debug|Any CPU
		{62B49451-D1FE-44AA-86A4-B783B7B00CC7}.Release|Win32.Build.0 = Debug|Any CPU
		{62B49451-D1FE-44AA-86A4-B783B7B00CC7}.Release|x64.ActiveCfg = Debug|Any CPU
		{62B49451-D1FE-44AA-86A4-B783B7B00CC7}.Release|x64.Build.0 = Debug|Any CPU
		{62B49451-D1FE-44AA-86A4-B783B7B00CC7}.Release|x86.ActiveCfg = Debug|Any CPU
		{62B49451-D1FE-44AA-86A4-B783B7B00CC7}.Release|x86.Build.0 = Debug|Any CPU
		{61D79FA7-6176-43CA-B89E-9302777711C9}.Debug|Any CPU.ActiveCfg = Debug|Win32
		{61D79FA7-6176-43CA-B89E-9302777711C9}.Debug|ARM.ActiveCfg = Debug|Win32
		{61D79FA7-6176-43CA-B89E-9302777711C9}.Debug|Mixed Platforms.ActiveCfg = Debug|Win32
		{61D79FA7-6176-43CA-B89E-9302777711C9}.Debug|Mixed Platforms.Build.0 = Debug|Win32
		{61D79FA7-6176-43CA-B89E-9302777711C9}.Debug|Win32.ActiveCfg = Debug|Win32
		{61D79FA7-6176-43CA-B89E-9302777711C9}.Debug|Win32.Build.0 = Debug|Win32
		{61D79FA7-6176-43CA-B89E-9302777711C9}.Debug|x64.ActiveCfg = Debug|Win32
		{61D79FA7-6176-43CA-B89E-9302777711C9}.Debug|x86.ActiveCfg = Debug|Win32
		{61D79FA7-6176-43CA-B89E-9302777711C9}.Debug|x86.Build.0 = Debug|Win32
		{61D79FA7-6176-43CA-B89E-9302777711C9}.Release|Any CPU.ActiveCfg = Release|Win32
		{61D79FA7-6176-43CA-B89E-9302777711C9}.Release|ARM.ActiveCfg = Release|Win32
		{61D79FA7-6176-43CA-B89E-9302777711C9}.Release|Mixed Platforms.ActiveCfg = Release|Win32
		{61D79FA7-6176-43CA-B89E-9302777711C9}.Release|Mixed Platforms.Build.0 = Release|Win32
		{61D79FA7-6176-43CA-B89E-9302777711C9}.Release|Win32.ActiveCfg = Release|Win32
		{61D79FA7-6176-43CA-B89E-9302777711C9}.Release|Win32.Build.0 = Release|Win32
		{61D79FA7-6176-43CA-B89E-9302777711C9}.Release|x64.ActiveCfg = Release|Win32
		{61D79FA7-6176-43CA-B89E-9302777711C9}.Release|x86.ActiveCfg = Release|Win32
		{61D79FA7-6176-43CA-B89E-9302777711C9}.Release|x86.Build.0 = Release|Win32
		{02322F23-F4B3-4994-BF36-A6D6AEAF7018}.Debug|Any CPU.ActiveCfg = Debug|Win32
		{02322F23-F4B3-4994-BF36-A6D6AEAF7018}.Debug|ARM.ActiveCfg = Debug|Win32
		{02322F23-F4B3-4994-BF36-A6D6AEAF7018}.Debug|Mixed Platforms.ActiveCfg = Debug|Win32
		{02322F23-F4B3-4994-BF36-A6D6AEAF7018}.Debug|Mixed Platforms.Build.0 = Debug|Win32
		{02322F23-F4B3-4994-BF36-A6D6AEAF7018}.Debug|Win32.ActiveCfg = Debug|Win32
		{02322F23-F4B3-4994-BF36-A6D6AEAF7018}.Debug|Win32.Build.0 = Debug|Win32
		{02322F23-F4B3-4994-BF36-A6D6AEAF7018}.Debug|x64.ActiveCfg = Debug|Win32
		{02322F23-F4B3-4994-BF36-A6D6AEAF7018}.Debug|x86.ActiveCfg = Debug|Win32
		{02322F23-F4B3-4994-BF36-A6D6AEAF7018}.Debug|x86.Build.0 = Debug|Win32
		{02322F23-F4B3-4994-BF36-A6D6AEAF7018}.Release|Any CPU.ActiveCfg = Release|Win32
		{02322F23-F4B3-4994-BF36-A6D6AEAF7018}.Release|ARM.ActiveCfg = Release|Win32
		{02322F23-F4B3-4994-BF36-A6D6AEAF7018}.Release|Mixed Platforms.ActiveCfg = Release|Win32
		{02322F23-F4B3-4994-BF36-A6D6AEAF7018}.Release|Mixed Platforms.Build.0 = Release|Win32
		{02322F23-F4B3-4994-BF36-A6D6AEAF7018}.Release|Win32.ActiveCfg = Release|Win32
		{02322F23-F4B3-4994-BF36-A6D6AEAF7018}.Release|Win32.Build.0 = Release|Win32
		{02322F23-F4B3-4994-BF36-A6D6AEAF7018}.Release|x64.ActiveCfg = Release|Win32
		{02322F23-F4B3-4994-BF36-A6D6AEAF7018}.Release|x86.ActiveCfg = Release|Win32
		{02322F23-F4B3-4994-BF36-A6D6AEAF7018}.Release|x86.Build.0 = Release|Win32
		{175BAB23-1B9D-4A9B-A8AE-0873A99AFDAD}.Debug|Any CPU.ActiveCfg = Debug|Any CPU
		{175BAB23-1B9D-4A9B-A8AE-0873A99AFDAD}.Debug|Any CPU.Build.0 = Debug|Any CPU
		{175BAB23-1B9D-4A9B-A8AE-0873A99AFDAD}.Debug|ARM.ActiveCfg = Debug|Any CPU
		{175BAB23-1B9D-4A9B-A8AE-0873A99AFDAD}.Debug|Mixed Platforms.ActiveCfg = Debug|Any CPU
		{175BAB23-1B9D-4A9B-A8AE-0873A99AFDAD}.Debug|Mixed Platforms.Build.0 = Debug|Any CPU
		{175BAB23-1B9D-4A9B-A8AE-0873A99AFDAD}.Debug|Win32.ActiveCfg = Debug|Any CPU
		{175BAB23-1B9D-4A9B-A8AE-0873A99AFDAD}.Debug|x64.ActiveCfg = Debug|Any CPU
		{175BAB23-1B9D-4A9B-A8AE-0873A99AFDAD}.Debug|x86.ActiveCfg = Debug|Any CPU
		{175BAB23-1B9D-4A9B-A8AE-0873A99AFDAD}.Release|Any CPU.ActiveCfg = Release|Any CPU
		{175BAB23-1B9D-4A9B-A8AE-0873A99AFDAD}.Release|Any CPU.Build.0 = Release|Any CPU
		{175BAB23-1B9D-4A9B-A8AE-0873A99AFDAD}.Release|ARM.ActiveCfg = Release|Any CPU
		{175BAB23-1B9D-4A9B-A8AE-0873A99AFDAD}.Release|Mixed Platforms.ActiveCfg = Release|Any CPU
		{175BAB23-1B9D-4A9B-A8AE-0873A99AFDAD}.Release|Mixed Platforms.Build.0 = Release|Any CPU
		{175BAB23-1B9D-4A9B-A8AE-0873A99AFDAD}.Release|Win32.ActiveCfg = Release|Any CPU
		{175BAB23-1B9D-4A9B-A8AE-0873A99AFDAD}.Release|x64.ActiveCfg = Release|Any CPU
		{175BAB23-1B9D-4A9B-A8AE-0873A99AFDAD}.Release|x86.ActiveCfg = Release|Any CPU
		{D4938BEF-4223-4739-9D63-9963021674A3}.Debug|Any CPU.ActiveCfg = Debug|Any CPU
		{D4938BEF-4223-4739-9D63-9963021674A3}.Debug|Any CPU.Build.0 = Debug|Any CPU
		{D4938BEF-4223-4739-9D63-9963021674A3}.Debug|ARM.ActiveCfg = Debug|Any CPU
		{D4938BEF-4223-4739-9D63-9963021674A3}.Debug|Mixed Platforms.ActiveCfg = Debug|Any CPU
		{D4938BEF-4223-4739-9D63-9963021674A3}.Debug|Mixed Platforms.Build.0 = Debug|Any CPU
		{D4938BEF-4223-4739-9D63-9963021674A3}.Debug|Win32.ActiveCfg = Debug|Any CPU
		{D4938BEF-4223-4739-9D63-9963021674A3}.Debug|x64.ActiveCfg = Debug|Any CPU
		{D4938BEF-4223-4739-9D63-9963021674A3}.Debug|x86.ActiveCfg = Debug|Any CPU
		{D4938BEF-4223-4739-9D63-9963021674A3}.Release|Any CPU.ActiveCfg = Release|Any CPU
		{D4938BEF-4223-4739-9D63-9963021674A3}.Release|Any CPU.Build.0 = Release|Any CPU
		{D4938BEF-4223-4739-9D63-9963021674A3}.Release|ARM.ActiveCfg = Release|Any CPU
		{D4938BEF-4223-4739-9D63-9963021674A3}.Release|Mixed Platforms.ActiveCfg = Release|Any CPU
		{D4938BEF-4223-4739-9D63-9963021674A3}.Release|Mixed Platforms.Build.0 = Release|Any CPU
		{D4938BEF-4223-4739-9D63-9963021674A3}.Release|Win32.ActiveCfg = Release|Any CPU
		{D4938BEF-4223-4739-9D63-9963021674A3}.Release|x64.ActiveCfg = Release|Any CPU
		{D4938BEF-4223-4739-9D63-9963021674A3}.Release|x86.ActiveCfg = Release|Any CPU
		{008128C5-1C45-4146-9E8F-2AF16369116A}.Debug|Any CPU.ActiveCfg = Debug|Win32
		{008128C5-1C45-4146-9E8F-2AF16369116A}.Debug|ARM.ActiveCfg = Debug|Win32
		{008128C5-1C45-4146-9E8F-2AF16369116A}.Debug|Mixed Platforms.ActiveCfg = Debug|Win32
		{008128C5-1C45-4146-9E8F-2AF16369116A}.Debug|Mixed Platforms.Build.0 = Debug|Win32
		{008128C5-1C45-4146-9E8F-2AF16369116A}.Debug|Win32.ActiveCfg = Debug|Win32
		{008128C5-1C45-4146-9E8F-2AF16369116A}.Debug|Win32.Build.0 = Debug|Win32
		{008128C5-1C45-4146-9E8F-2AF16369116A}.Debug|x64.ActiveCfg = Debug|Win32
		{008128C5-1C45-4146-9E8F-2AF16369116A}.Debug|x86.ActiveCfg = Debug|Win32
		{008128C5-1C45-4146-9E8F-2AF16369116A}.Debug|x86.Build.0 = Debug|Win32
		{008128C5-1C45-4146-9E8F-2AF16369116A}.Release|Any CPU.ActiveCfg = Release|Win32
		{008128C5-1C45-4146-9E8F-2AF16369116A}.Release|ARM.ActiveCfg = Release|Win32
		{008128C5-1C45-4146-9E8F-2AF16369116A}.Release|Mixed Platforms.ActiveCfg = Release|Win32
		{008128C5-1C45-4146-9E8F-2AF16369116A}.Release|Mixed Platforms.Build.0 = Release|Win32
		{008128C5-1C45-4146-9E8F-2AF16369116A}.Release|Win32.ActiveCfg = Release|Win32
		{008128C5-1C45-4146-9E8F-2AF16369116A}.Release|Win32.Build.0 = Release|Win32
		{008128C5-1C45-4146-9E8F-2AF16369116A}.Release|x64.ActiveCfg = Release|Win32
		{008128C5-1C45-4146-9E8F-2AF16369116A}.Release|x86.ActiveCfg = Release|Win32
		{008128C5-1C45-4146-9E8F-2AF16369116A}.Release|x86.Build.0 = Release|Win32
		{87667AC4-4005-4820-B0EF-D023FE66F8D7}.Debug|Any CPU.ActiveCfg = Debug|Any CPU
		{87667AC4-4005-4820-B0EF-D023FE66F8D7}.Debug|Any CPU.Build.0 = Debug|Any CPU
		{87667AC4-4005-4820-B0EF-D023FE66F8D7}.Debug|ARM.ActiveCfg = Debug|Any CPU
		{87667AC4-4005-4820-B0EF-D023FE66F8D7}.Debug|ARM.Build.0 = Debug|Any CPU
		{87667AC4-4005-4820-B0EF-D023FE66F8D7}.Debug|Mixed Platforms.ActiveCfg = Debug|Any CPU
		{87667AC4-4005-4820-B0EF-D023FE66F8D7}.Debug|Mixed Platforms.Build.0 = Debug|Any CPU
		{87667AC4-4005-4820-B0EF-D023FE66F8D7}.Debug|Win32.ActiveCfg = Debug|Any CPU
		{87667AC4-4005-4820-B0EF-D023FE66F8D7}.Debug|Win32.Build.0 = Debug|Any CPU
		{87667AC4-4005-4820-B0EF-D023FE66F8D7}.Debug|x64.ActiveCfg = Debug|Any CPU
		{87667AC4-4005-4820-B0EF-D023FE66F8D7}.Debug|x64.Build.0 = Debug|Any CPU
		{87667AC4-4005-4820-B0EF-D023FE66F8D7}.Debug|x86.ActiveCfg = Debug|Any CPU
		{87667AC4-4005-4820-B0EF-D023FE66F8D7}.Debug|x86.Build.0 = Debug|Any CPU
		{87667AC4-4005-4820-B0EF-D023FE66F8D7}.Release|Any CPU.ActiveCfg = Release|Any CPU
		{87667AC4-4005-4820-B0EF-D023FE66F8D7}.Release|Any CPU.Build.0 = Release|Any CPU
		{87667AC4-4005-4820-B0EF-D023FE66F8D7}.Release|ARM.ActiveCfg = Release|Any CPU
		{87667AC4-4005-4820-B0EF-D023FE66F8D7}.Release|ARM.Build.0 = Release|Any CPU
		{87667AC4-4005-4820-B0EF-D023FE66F8D7}.Release|Mixed Platforms.ActiveCfg = Release|Any CPU
		{87667AC4-4005-4820-B0EF-D023FE66F8D7}.Release|Mixed Platforms.Build.0 = Release|Any CPU
		{87667AC4-4005-4820-B0EF-D023FE66F8D7}.Release|Win32.ActiveCfg = Release|Any CPU
		{87667AC4-4005-4820-B0EF-D023FE66F8D7}.Release|Win32.Build.0 = Release|Any CPU
		{87667AC4-4005-4820-B0EF-D023FE66F8D7}.Release|x64.ActiveCfg = Release|Any CPU
		{87667AC4-4005-4820-B0EF-D023FE66F8D7}.Release|x64.Build.0 = Release|Any CPU
		{87667AC4-4005-4820-B0EF-D023FE66F8D7}.Release|x86.ActiveCfg = Release|Any CPU
		{87667AC4-4005-4820-B0EF-D023FE66F8D7}.Release|x86.Build.0 = Release|Any CPU
		{704F7547-429D-4B6E-8E6B-14260417A8CD}.Debug|Any CPU.ActiveCfg = Debug|Win32
		{704F7547-429D-4B6E-8E6B-14260417A8CD}.Debug|ARM.ActiveCfg = Debug|Win32
		{704F7547-429D-4B6E-8E6B-14260417A8CD}.Debug|Mixed Platforms.ActiveCfg = Debug|Win32
		{704F7547-429D-4B6E-8E6B-14260417A8CD}.Debug|Mixed Platforms.Build.0 = Debug|Win32
		{704F7547-429D-4B6E-8E6B-14260417A8CD}.Debug|Win32.ActiveCfg = Debug|Win32
		{704F7547-429D-4B6E-8E6B-14260417A8CD}.Debug|Win32.Build.0 = Debug|Win32
		{704F7547-429D-4B6E-8E6B-14260417A8CD}.Debug|x64.ActiveCfg = Debug|x64
		{704F7547-429D-4B6E-8E6B-14260417A8CD}.Debug|x64.Build.0 = Debug|x64
		{704F7547-429D-4B6E-8E6B-14260417A8CD}.Debug|x86.ActiveCfg = Debug|Win32
		{704F7547-429D-4B6E-8E6B-14260417A8CD}.Debug|x86.Build.0 = Debug|Win32
		{704F7547-429D-4B6E-8E6B-14260417A8CD}.Release|Any CPU.ActiveCfg = Release|Win32
		{704F7547-429D-4B6E-8E6B-14260417A8CD}.Release|ARM.ActiveCfg = Release|Win32
		{704F7547-429D-4B6E-8E6B-14260417A8CD}.Release|Mixed Platforms.ActiveCfg = Release|Win32
		{704F7547-429D-4B6E-8E6B-14260417A8CD}.Release|Mixed Platforms.Build.0 = Release|Win32
		{704F7547-429D-4B6E-8E6B-14260417A8CD}.Release|Win32.ActiveCfg = Release|Win32
		{704F7547-429D-4B6E-8E6B-14260417A8CD}.Release|Win32.Build.0 = Release|Win32
		{704F7547-429D-4B6E-8E6B-14260417A8CD}.Release|x64.ActiveCfg = Release|x64
		{704F7547-429D-4B6E-8E6B-14260417A8CD}.Release|x64.Build.0 = Release|x64
		{704F7547-429D-4B6E-8E6B-14260417A8CD}.Release|x86.ActiveCfg = Release|Win32
		{704F7547-429D-4B6E-8E6B-14260417A8CD}.Release|x86.Build.0 = Release|Win32
		{67F96E6F-687D-43DE-92DE-9ABBA0C1BC86}.Debug|Any CPU.ActiveCfg = Debug|Win32
		{67F96E6F-687D-43DE-92DE-9ABBA0C1BC86}.Debug|ARM.ActiveCfg = Debug|Win32
		{67F96E6F-687D-43DE-92DE-9ABBA0C1BC86}.Debug|Mixed Platforms.ActiveCfg = Debug|Win32
		{67F96E6F-687D-43DE-92DE-9ABBA0C1BC86}.Debug|Mixed Platforms.Build.0 = Debug|Win32
		{67F96E6F-687D-43DE-92DE-9ABBA0C1BC86}.Debug|Win32.ActiveCfg = Debug|Win32
		{67F96E6F-687D-43DE-92DE-9ABBA0C1BC86}.Debug|Win32.Build.0 = Debug|Win32
		{67F96E6F-687D-43DE-92DE-9ABBA0C1BC86}.Debug|x64.ActiveCfg = Debug|x64
		{67F96E6F-687D-43DE-92DE-9ABBA0C1BC86}.Debug|x64.Build.0 = Debug|x64
		{67F96E6F-687D-43DE-92DE-9ABBA0C1BC86}.Debug|x86.ActiveCfg = Debug|Win32
		{67F96E6F-687D-43DE-92DE-9ABBA0C1BC86}.Debug|x86.Build.0 = Debug|Win32
		{67F96E6F-687D-43DE-92DE-9ABBA0C1BC86}.Release|Any CPU.ActiveCfg = Release|Win32
		{67F96E6F-687D-43DE-92DE-9ABBA0C1BC86}.Release|ARM.ActiveCfg = Release|Win32
		{67F96E6F-687D-43DE-92DE-9ABBA0C1BC86}.Release|Mixed Platforms.ActiveCfg = Release|Win32
		{67F96E6F-687D-43DE-92DE-9ABBA0C1BC86}.Release|Mixed Platforms.Build.0 = Release|Win32
		{67F96E6F-687D-43DE-92DE-9ABBA0C1BC86}.Release|Win32.ActiveCfg = Release|Win32
		{67F96E6F-687D-43DE-92DE-9ABBA0C1BC86}.Release|Win32.Build.0 = Release|Win32
		{67F96E6F-687D-43DE-92DE-9ABBA0C1BC86}.Release|x64.ActiveCfg = Release|x64
		{67F96E6F-687D-43DE-92DE-9ABBA0C1BC86}.Release|x64.Build.0 = Release|x64
		{67F96E6F-687D-43DE-92DE-9ABBA0C1BC86}.Release|x86.ActiveCfg = Release|Win32
		{67F96E6F-687D-43DE-92DE-9ABBA0C1BC86}.Release|x86.Build.0 = Release|Win32
		{99A83325-1E60-423D-A9C5-93BBCFA4DD69}.Debug|Any CPU.ActiveCfg = Debug|Win32
		{99A83325-1E60-423D-A9C5-93BBCFA4DD69}.Debug|ARM.ActiveCfg = Debug|Win32
		{99A83325-1E60-423D-A9C5-93BBCFA4DD69}.Debug|Mixed Platforms.ActiveCfg = Debug|Win32
		{99A83325-1E60-423D-A9C5-93BBCFA4DD69}.Debug|Mixed Platforms.Build.0 = Debug|Win32
		{99A83325-1E60-423D-A9C5-93BBCFA4DD69}.Debug|Win32.ActiveCfg = Debug|Win32
		{99A83325-1E60-423D-A9C5-93BBCFA4DD69}.Debug|Win32.Build.0 = Debug|Win32
		{99A83325-1E60-423D-A9C5-93BBCFA4DD69}.Debug|x64.ActiveCfg = Debug|x64
		{99A83325-1E60-423D-A9C5-93BBCFA4DD69}.Debug|x64.Build.0 = Debug|x64
		{99A83325-1E60-423D-A9C5-93BBCFA4DD69}.Debug|x86.ActiveCfg = Debug|Win32
		{99A83325-1E60-423D-A9C5-93BBCFA4DD69}.Debug|x86.Build.0 = Debug|Win32
		{99A83325-1E60-423D-A9C5-93BBCFA4DD69}.Release|Any CPU.ActiveCfg = Release|Win32
		{99A83325-1E60-423D-A9C5-93BBCFA4DD69}.Release|ARM.ActiveCfg = Release|Win32
		{99A83325-1E60-423D-A9C5-93BBCFA4DD69}.Release|Mixed Platforms.ActiveCfg = Release|Win32
		{99A83325-1E60-423D-A9C5-93BBCFA4DD69}.Release|Mixed Platforms.Build.0 = Release|Win32
		{99A83325-1E60-423D-A9C5-93BBCFA4DD69}.Release|Win32.ActiveCfg = Release|Win32
		{99A83325-1E60-423D-A9C5-93BBCFA4DD69}.Release|Win32.Build.0 = Release|Win32
		{99A83325-1E60-423D-A9C5-93BBCFA4DD69}.Release|x64.ActiveCfg = Release|x64
		{99A83325-1E60-423D-A9C5-93BBCFA4DD69}.Release|x64.Build.0 = Release|x64
		{99A83325-1E60-423D-A9C5-93BBCFA4DD69}.Release|x86.ActiveCfg = Release|Win32
		{99A83325-1E60-423D-A9C5-93BBCFA4DD69}.Release|x86.Build.0 = Release|Win32
		{2A44919E-B774-4369-BB9D-638BC684BF0D}.Debug|Any CPU.ActiveCfg = Debug|Any CPU
		{2A44919E-B774-4369-BB9D-638BC684BF0D}.Debug|Any CPU.Build.0 = Debug|Any CPU
		{2A44919E-B774-4369-BB9D-638BC684BF0D}.Debug|ARM.ActiveCfg = Debug|Any CPU
		{2A44919E-B774-4369-BB9D-638BC684BF0D}.Debug|ARM.Build.0 = Debug|Any CPU
		{2A44919E-B774-4369-BB9D-638BC684BF0D}.Debug|Mixed Platforms.ActiveCfg = Debug|Any CPU
		{2A44919E-B774-4369-BB9D-638BC684BF0D}.Debug|Mixed Platforms.Build.0 = Debug|Any CPU
		{2A44919E-B774-4369-BB9D-638BC684BF0D}.Debug|Win32.ActiveCfg = Debug|Any CPU
		{2A44919E-B774-4369-BB9D-638BC684BF0D}.Debug|Win32.Build.0 = Debug|Any CPU
		{2A44919E-B774-4369-BB9D-638BC684BF0D}.Debug|x64.ActiveCfg = Debug|Any CPU
		{2A44919E-B774-4369-BB9D-638BC684BF0D}.Debug|x64.Build.0 = Debug|Any CPU
		{2A44919E-B774-4369-BB9D-638BC684BF0D}.Debug|x86.ActiveCfg = Debug|Any CPU
		{2A44919E-B774-4369-BB9D-638BC684BF0D}.Debug|x86.Build.0 = Debug|Any CPU
		{2A44919E-B774-4369-BB9D-638BC684BF0D}.Release|Any CPU.ActiveCfg = Release|Any CPU
		{2A44919E-B774-4369-BB9D-638BC684BF0D}.Release|Any CPU.Build.0 = Release|Any CPU
		{2A44919E-B774-4369-BB9D-638BC684BF0D}.Release|ARM.ActiveCfg = Release|Any CPU
		{2A44919E-B774-4369-BB9D-638BC684BF0D}.Release|ARM.Build.0 = Release|Any CPU
		{2A44919E-B774-4369-BB9D-638BC684BF0D}.Release|Mixed Platforms.ActiveCfg = Release|Any CPU
		{2A44919E-B774-4369-BB9D-638BC684BF0D}.Release|Mixed Platforms.Build.0 = Release|Any CPU
		{2A44919E-B774-4369-BB9D-638BC684BF0D}.Release|Win32.ActiveCfg = Release|Any CPU
		{2A44919E-B774-4369-BB9D-638BC684BF0D}.Release|Win32.Build.0 = Release|Any CPU
		{2A44919E-B774-4369-BB9D-638BC684BF0D}.Release|x64.ActiveCfg = Release|Any CPU
		{2A44919E-B774-4369-BB9D-638BC684BF0D}.Release|x64.Build.0 = Release|Any CPU
		{2A44919E-B774-4369-BB9D-638BC684BF0D}.Release|x86.ActiveCfg = Release|Any CPU
		{2A44919E-B774-4369-BB9D-638BC684BF0D}.Release|x86.Build.0 = Release|Any CPU
		{C99EB2AF-9191-4E82-BB4A-6AFD7B1A1CFF}.Debug|Any CPU.ActiveCfg = Debug|Any CPU
		{C99EB2AF-9191-4E82-BB4A-6AFD7B1A1CFF}.Debug|Any CPU.Build.0 = Debug|Any CPU
		{C99EB2AF-9191-4E82-BB4A-6AFD7B1A1CFF}.Debug|ARM.ActiveCfg = Debug|Any CPU
		{C99EB2AF-9191-4E82-BB4A-6AFD7B1A1CFF}.Debug|ARM.Build.0 = Debug|Any CPU
		{C99EB2AF-9191-4E82-BB4A-6AFD7B1A1CFF}.Debug|Mixed Platforms.ActiveCfg = Debug|Any CPU
		{C99EB2AF-9191-4E82-BB4A-6AFD7B1A1CFF}.Debug|Mixed Platforms.Build.0 = Debug|Any CPU
		{C99EB2AF-9191-4E82-BB4A-6AFD7B1A1CFF}.Debug|Win32.ActiveCfg = Debug|Any CPU
		{C99EB2AF-9191-4E82-BB4A-6AFD7B1A1CFF}.Debug|Win32.Build.0 = Debug|Any CPU
		{C99EB2AF-9191-4E82-BB4A-6AFD7B1A1CFF}.Debug|x64.ActiveCfg = Debug|Any CPU
		{C99EB2AF-9191-4E82-BB4A-6AFD7B1A1CFF}.Debug|x64.Build.0 = Debug|Any CPU
		{C99EB2AF-9191-4E82-BB4A-6AFD7B1A1CFF}.Debug|x86.ActiveCfg = Debug|Any CPU
		{C99EB2AF-9191-4E82-BB4A-6AFD7B1A1CFF}.Debug|x86.Build.0 = Debug|Any CPU
		{C99EB2AF-9191-4E82-BB4A-6AFD7B1A1CFF}.Release|Any CPU.ActiveCfg = Release|Any CPU
		{C99EB2AF-9191-4E82-BB4A-6AFD7B1A1CFF}.Release|Any CPU.Build.0 = Release|Any CPU
		{C99EB2AF-9191-4E82-BB4A-6AFD7B1A1CFF}.Release|ARM.ActiveCfg = Release|Any CPU
		{C99EB2AF-9191-4E82-BB4A-6AFD7B1A1CFF}.Release|ARM.Build.0 = Release|Any CPU
		{C99EB2AF-9191-4E82-BB4A-6AFD7B1A1CFF}.Release|Mixed Platforms.ActiveCfg = Release|Any CPU
		{C99EB2AF-9191-4E82-BB4A-6AFD7B1A1CFF}.Release|Mixed Platforms.Build.0 = Release|Any CPU
		{C99EB2AF-9191-4E82-BB4A-6AFD7B1A1CFF}.Release|Win32.ActiveCfg = Release|Any CPU
		{C99EB2AF-9191-4E82-BB4A-6AFD7B1A1CFF}.Release|Win32.Build.0 = Release|Any CPU
		{C99EB2AF-9191-4E82-BB4A-6AFD7B1A1CFF}.Release|x64.ActiveCfg = Release|Any CPU
		{C99EB2AF-9191-4E82-BB4A-6AFD7B1A1CFF}.Release|x64.Build.0 = Release|Any CPU
		{C99EB2AF-9191-4E82-BB4A-6AFD7B1A1CFF}.Release|x86.ActiveCfg = Release|Any CPU
		{C99EB2AF-9191-4E82-BB4A-6AFD7B1A1CFF}.Release|x86.Build.0 = Release|Any CPU
	EndGlobalSection
	GlobalSection(SolutionProperties) = preSolution
		HideSolutionNode = FALSE
	EndGlobalSection
	GlobalSection(NestedProjects) = preSolution
		{8A52D525-52AF-4134-BB25-2F86AAE07FFE} = {A5E4F5C3-2087-4DD7-AC80-D245859FB93A}
		{31D22F47-8F5C-465B-96EC-5458C09D9BC3} = {A5E4F5C3-2087-4DD7-AC80-D245859FB93A}
		{A48DF91E-B15D-4B16-B0A2-CB470666B2AA} = {24917CCB-FB66-46E0-B605-E7A74D66092B}
		{B6B2BC46-53FB-4C46-8E49-E658CCBB0371} = {24917CCB-FB66-46E0-B605-E7A74D66092B}
		{41E4B84D-456B-40C4-A921-82A8FB81F5FD} = {4D6A157C-6F5F-49A5-876C-62054FF1160C}
		{62B49451-D1FE-44AA-86A4-B783B7B00CC7} = {4D6A157C-6F5F-49A5-876C-62054FF1160C}
		{61D79FA7-6176-43CA-B89E-9302777711C9} = {4D6A157C-6F5F-49A5-876C-62054FF1160C}
		{02322F23-F4B3-4994-BF36-A6D6AEAF7018} = {B6B2BC46-53FB-4C46-8E49-E658CCBB0371}
		{175BAB23-1B9D-4A9B-A8AE-0873A99AFDAD} = {A48DF91E-B15D-4B16-B0A2-CB470666B2AA}
		{D4938BEF-4223-4739-9D63-9963021674A3} = {A48DF91E-B15D-4B16-B0A2-CB470666B2AA}
		{008128C5-1C45-4146-9E8F-2AF16369116A} = {4D6A157C-6F5F-49A5-876C-62054FF1160C}
		{87667AC4-4005-4820-B0EF-D023FE66F8D7} = {A5E4F5C3-2087-4DD7-AC80-D245859FB93A}
		{704F7547-429D-4B6E-8E6B-14260417A8CD} = {4D6A157C-6F5F-49A5-876C-62054FF1160C}
		{A35F395E-65DF-4381-A9F1-F70674187724} = {4D6A157C-6F5F-49A5-876C-62054FF1160C}
		{67F96E6F-687D-43DE-92DE-9ABBA0C1BC86} = {A35F395E-65DF-4381-A9F1-F70674187724}
		{99A83325-1E60-423D-A9C5-93BBCFA4DD69} = {A35F395E-65DF-4381-A9F1-F70674187724}
		{2A44919E-B774-4369-BB9D-638BC684BF0D} = {11745E10-B5CD-4B0D-8A19-7182C588950F}
		{C99EB2AF-9191-4E82-BB4A-6AFD7B1A1CFF} = {11745E10-B5CD-4B0D-8A19-7182C588950F}
		{11745E10-B5CD-4B0D-8A19-7182C588950F} = {A35F395E-65DF-4381-A9F1-F70674187724}
	EndGlobalSection
EndGlobal
