
Microsoft Visual Studio Solution File, Format Version 12.00
# Visual Studio 2013
VisualStudioVersion = 12.0.40629.0
MinimumVisualStudioVersion = 10.0.40219.1
Project("{8BC9CEB8-8B4A-11D0-8D11-00A0C91BC942}") = "CPP", "LeetCodeTest\LeetCodeTest.vcxproj", "{8A52D525-52AF-4134-BB25-2F86AAE07FFE}"
EndProject
Project("{8BC9CEB8-8B4A-11D0-8D11-00A0C91BC942}") = "ThreadTest", "ThreadTest\ThreadTest.vcxproj", "{31D22F47-8F5C-465B-96EC-5458C09D9BC3}"
EndProject
Project("{2150E333-8FDC-42A3-9474-1A3956D46DE8}") = "Practice", "Practice", "{A5E4F5C3-2087-4DD7-AC80-D245859FB93A}"
EndProject
Project("{2150E333-8FDC-42A3-9474-1A3956D46DE8}") = "Real", "Real", "{24917CCB-FB66-46E0-B605-E7A74D66092B}"
EndProject
Project("{2150E333-8FDC-42A3-9474-1A3956D46DE8}") = "AMZN", "AMZN", "{A48DF91E-B15D-4B16-B0A2-CB470666B2AA}"
EndProject
Project("{8BC9CEB8-8B4A-11D0-8D11-00A0C91BC942}") = "DP", "DP\DP.vcxproj", "{697D42C5-0AB3-43BD-AB26-240BA65A9E3C}"
EndProject
Project("{2150E333-8FDC-42A3-9474-1A3956D46DE8}") = "Bluware", "Bluware", "{B6B2BC46-53FB-4C46-8E49-E658CCBB0371}"
EndProject
Project("{2150E333-8FDC-42A3-9474-1A3956D46DE8}") = "Others", "Others", "{4D6A157C-6F5F-49A5-876C-62054FF1160C}"
EndProject
Project("{FAE04EC0-301F-11D3-BF4B-00C04F79EFBC}") = "MvvmExampleStep8", "Others\MvvmExample\MvvmExampleStep8.csproj", "{41E4B84D-456B-40C4-A921-82A8FB81F5FD}"
EndProject
Project("{E24C65DC-7377-472B-9ABA-BC803B73C61A}") = "JavascriptTest", "Others\JavascriptTest\", "{62B49451-D1FE-44AA-86A4-B783B7B00CC7}"
	ProjectSection(WebsiteProperties) = preProject
		TargetFrameworkMoniker = ".NETFramework,Version%3Dv4.5.2"
		Debug.AspNetCompiler.VirtualPath = "/localhost_22358"
		Debug.AspNetCompiler.PhysicalPath = "Others\JavascriptTest\"
		Debug.AspNetCompiler.TargetPath = "PrecompiledWeb\localhost_22358\"
		Debug.AspNetCompiler.Updateable = "true"
		Debug.AspNetCompiler.ForceOverwrite = "true"
		Debug.AspNetCompiler.FixedNames = "false"
		Debug.AspNetCompiler.Debug = "True"
		Release.AspNetCompiler.VirtualPath = "/localhost_22358"
		Release.AspNetCompiler.PhysicalPath = "Others\JavascriptTest\"
		Release.AspNetCompiler.TargetPath = "PrecompiledWeb\localhost_22358\"
		Release.AspNetCompiler.Updateable = "true"
		Release.AspNetCompiler.ForceOverwrite = "true"
		Release.AspNetCompiler.FixedNames = "false"
		Release.AspNetCompiler.Debug = "False"
		VWDPort = "22358"
		SlnRelativePath = "Others\JavascriptTest\"
		DefaultWebSiteLanguage = "Visual C#"
	EndProjectSection
EndProject
Project("{8BC9CEB8-8B4A-11D0-8D11-00A0C91BC942}") = "CppTest", "Others\CPPTest\CPPTest.vcxproj", "{61D79FA7-6176-43CA-B89E-9302777711C9}"
EndProject
Project("{8BC9CEB8-8B4A-11D0-8D11-00A0C91BC942}") = "DyanPropTests", "Interviews\DyanPropTests\DyanPropTests.vcxproj", "{02322F23-F4B3-4994-BF36-A6D6AEAF7018}"
EndProject
Project("{FAE04EC0-301F-11D3-BF4B-00C04F79EFBC}") = "MovieRecommendation", "Interviews\Amazon\MovieRecommendation\MovieRecommendation.csproj", "{175BAB23-1B9D-4A9B-A8AE-0873A99AFDAD}"
EndProject
Project("{FAE04EC0-301F-11D3-BF4B-00C04F79EFBC}") = "SocialNetwork", "Interviews\Amazon\SocialNetwork\SocialNetwork.csproj", "{D4938BEF-4223-4739-9D63-9963021674A3}"
EndProject
Project("{8BC9CEB8-8B4A-11D0-8D11-00A0C91BC942}") = "StaticTest", "Others\StaticTest\StaticTest.vcxproj", "{008128C5-1C45-4146-9E8F-2AF16369116A}"
EndProject
Global
	GlobalSection(SolutionConfigurationPlatforms) = preSolution
		Debug|Any CPU = Debug|Any CPU
		Debug|ARM = Debug|ARM
		Debug|Mixed Platforms = Debug|Mixed Platforms
		Debug|Win32 = Debug|Win32
		Debug|x64 = Debug|x64
		Debug|x86 = Debug|x86
		Release|Any CPU = Release|Any CPU
		Release|ARM = Release|ARM
		Release|Mixed Platforms = Release|Mixed Platforms
		Release|Win32 = Release|Win32
		Release|x64 = Release|x64
		Release|x86 = Release|x86
	EndGlobalSection
	GlobalSection(ProjectConfigurationPlatforms) = postSolution
		{8A52D525-52AF-4134-BB25-2F86AAE07FFE}.Debug|Any CPU.ActiveCfg = Debug|Win32
		{8A52D525-52AF-4134-BB25-2F86AAE07FFE}.Debug|ARM.ActiveCfg = Debug|Win32
		{8A52D525-52AF-4134-BB25-2F86AAE07FFE}.Debug|Mixed Platforms.ActiveCfg = Debug|Win32
		{8A52D525-52AF-4134-BB25-2F86AAE07FFE}.Debug|Mixed Platforms.Build.0 = Debug|Win32
		{8A52D525-52AF-4134-BB25-2F86AAE07FFE}.Debug|Win32.ActiveCfg = Debug|Win32
		{8A52D525-52AF-4134-BB25-2F86AAE07FFE}.Debug|Win32.Build.0 = Debug|Win32
		{8A52D525-52AF-4134-BB25-2F86AAE07FFE}.Debug|x64.ActiveCfg = Debug|Win32
		{8A52D525-52AF-4134-BB25-2F86AAE07FFE}.Debug|x86.ActiveCfg = Debug|Win32
		{8A52D525-52AF-4134-BB25-2F86AAE07FFE}.Debug|x86.Build.0 = Debug|Win32
		{8A52D525-52AF-4134-BB25-2F86AAE07FFE}.Release|Any CPU.ActiveCfg = Release|Win32
		{8A52D525-52AF-4134-BB25-2F86AAE07FFE}.Release|ARM.ActiveCfg = Release|Win32
		{8A52D525-52AF-4134-BB25-2F86AAE07FFE}.Release|Mixed Platforms.ActiveCfg = Release|Win32
		{8A52D525-52AF-4134-BB25-2F86AAE07FFE}.Release|Mixed Platforms.Build.0 = Release|Win32
		{8A52D525-52AF-4134-BB25-2F86AAE07FFE}.Release|Win32.ActiveCfg = Release|Win32
		{8A52D525-52AF-4134-BB25-2F86AAE07FFE}.Release|Win32.Build.0 = Release|Win32
		{8A52D525-52AF-4134-BB25-2F86AAE07FFE}.Release|x64.ActiveCfg = Release|Win32
		{8A52D525-52AF-4134-BB25-2F86AAE07FFE}.Release|x86.ActiveCfg = Release|Win32
		{8A52D525-52AF-4134-BB25-2F86AAE07FFE}.Release|x86.Build.0 = Release|Win32
		{31D22F47-8F5C-465B-96EC-5458C09D9BC3}.Debug|Any CPU.ActiveCfg = Debug|Win32
		{31D22F47-8F5C-465B-96EC-5458C09D9BC3}.Debug|ARM.ActiveCfg = Debug|Win32
		{31D22F47-8F5C-465B-96EC-5458C09D9BC3}.Debug|Mixed Platforms.ActiveCfg = Debug|Win32
		{31D22F47-8F5C-465B-96EC-5458C09D9BC3}.Debug|Mixed Platforms.Build.0 = Debug|Win32
		{31D22F47-8F5C-465B-96EC-5458C09D9BC3}.Debug|Win32.ActiveCfg = Debug|Win32
		{31D22F47-8F5C-465B-96EC-5458C09D9BC3}.Debug|Win32.Build.0 = Debug|Win32
		{31D22F47-8F5C-465B-96EC-5458C09D9BC3}.Debug|x64.ActiveCfg = Debug|Win32
		{31D22F47-8F5C-465B-96EC-5458C09D9BC3}.Debug|x86.ActiveCfg = Debug|Win32
		{31D22F47-8F5C-465B-96EC-5458C09D9BC3}.Debug|x86.Build.0 = Debug|Win32
		{31D22F47-8F5C-465B-96EC-5458C09D9BC3}.Release|Any CPU.ActiveCfg = Release|Win32
		{31D22F47-8F5C-465B-96EC-5458C09D9BC3}.Release|ARM.ActiveCfg = Release|Win32
		{31D22F47-8F5C-465B-96EC-5458C09D9BC3}.Release|Mixed Platforms.ActiveCfg = Release|Win32
		{31D22F47-8F5C-465B-96EC-5458C09D9BC3}.Release|Mixed Platforms.Build.0 = Release|Win32
		{31D22F47-8F5C-465B-96EC-5458C09D9BC3}.Release|Win32.ActiveCfg = Release|Win32
		{31D22F47-8F5C-465B-96EC-5458C09D9BC3}.Release|Win32.Build.0 = Release|Win32
		{31D22F47-8F5C-465B-96EC-5458C09D9BC3}.Release|x64.ActiveCfg = Release|Win32
		{31D22F47-8F5C-465B-96EC-5458C09D9BC3}.Release|x86.ActiveCfg = Release|Win32
		{31D22F47-8F5C-465B-96EC-5458C09D9BC3}.Release|x86.Build.0 = Release|Win32
		{697D42C5-0AB3-43BD-AB26-240BA65A9E3C}.Debug|Any CPU.ActiveCfg = Debug|Win32
		{697D42C5-0AB3-43BD-AB26-240BA65A9E3C}.Debug|ARM.ActiveCfg = Debug|Win32
		{697D42C5-0AB3-43BD-AB26-240BA65A9E3C}.Debug|Mixed Platforms.ActiveCfg = Debug|Win32
		{697D42C5-0AB3-43BD-AB26-240BA65A9E3C}.Debug|Mixed Platforms.Build.0 = Debug|Win32
		{697D42C5-0AB3-43BD-AB26-240BA65A9E3C}.Debug|Win32.ActiveCfg = Debug|Win32
		{697D42C5-0AB3-43BD-AB26-240BA65A9E3C}.Debug|Win32.Build.0 = Debug|Win32
		{697D42C5-0AB3-43BD-AB26-240BA65A9E3C}.Debug|x64.ActiveCfg = Debug|Win32
		{697D42C5-0AB3-43BD-AB26-240BA65A9E3C}.Debug|x86.ActiveCfg = Debug|Win32
		{697D42C5-0AB3-43BD-AB26-240BA65A9E3C}.Debug|x86.Build.0 = Debug|Win32
		{697D42C5-0AB3-43BD-AB26-240BA65A9E3C}.Release|Any CPU.ActiveCfg = Release|Win32
		{697D42C5-0AB3-43BD-AB26-240BA65A9E3C}.Release|ARM.ActiveCfg = Release|Win32
		{697D42C5-0AB3-43BD-AB26-240BA65A9E3C}.Release|Mixed Platforms.ActiveCfg = Release|Win32
		{697D42C5-0AB3-43BD-AB26-240BA65A9E3C}.Release|Mixed Platforms.Build.0 = Release|Win32
		{697D42C5-0AB3-43BD-AB26-240BA65A9E3C}.Release|Win32.ActiveCfg = Release|Win32
		{697D42C5-0AB3-43BD-AB26-240BA65A9E3C}.Release|Win32.Build.0 = Release|Win32
		{697D42C5-0AB3-43BD-AB26-240BA65A9E3C}.Release|x64.ActiveCfg = Release|Win32
		{697D42C5-0AB3-43BD-AB26-240BA65A9E3C}.Release|x86.ActiveCfg = Release|Win32
		{697D42C5-0AB3-43BD-AB26-240BA65A9E3C}.Release|x86.Build.0 = Release|Win32
		{41E4B84D-456B-40C4-A921-82A8FB81F5FD}.Debug|Any CPU.ActiveCfg = Debug|Any CPU
		{41E4B84D-456B-40C4-A921-82A8FB81F5FD}.Debug|Any CPU.Build.0 = Debug|Any CPU
		{41E4B84D-456B-40C4-A921-82A8FB81F5FD}.Debug|ARM.ActiveCfg = Debug|Any CPU
		{41E4B84D-456B-40C4-A921-82A8FB81F5FD}.Debug|Mixed Platforms.ActiveCfg = Debug|Any CPU
		{41E4B84D-456B-40C4-A921-82A8FB81F5FD}.Debug|Mixed Platforms.Build.0 = Debug|Any CPU
		{41E4B84D-456B-40C4-A921-82A8FB81F5FD}.Debug|Win32.ActiveCfg = Debug|Any CPU
		{41E4B84D-456B-40C4-A921-82A8FB81F5FD}.Debug|x64.ActiveCfg = Debug|Any CPU
		{41E4B84D-456B-40C4-A921-82A8FB81F5FD}.Debug|x86.ActiveCfg = Debug|Any CPU
		{41E4B84D-456B-40C4-A921-82A8FB81F5FD}.Release|Any CPU.ActiveCfg = Release|Any CPU
		{41E4B84D-456B-40C4-A921-82A8FB81F5FD}.Release|Any CPU.Build.0 = Release|Any CPU
		{41E4B84D-456B-40C4-A921-82A8FB81F5FD}.Release|ARM.ActiveCfg = Release|Any CPU
		{41E4B84D-456B-40C4-A921-82A8FB81F5FD}.Release|Mixed Platforms.ActiveCfg = Release|Any CPU
		{41E4B84D-456B-40C4-A921-82A8FB81F5FD}.Release|Mixed Platforms.Build.0 = Release|Any CPU
		{41E4B84D-456B-40C4-A921-82A8FB81F5FD}.Release|Win32.ActiveCfg = Release|Any CPU
		{41E4B84D-456B-40C4-A921-82A8FB81F5FD}.Release|x64.ActiveCfg = Release|Any CPU
		{41E4B84D-456B-40C4-A921-82A8FB81F5FD}.Release|x86.ActiveCfg = Release|Any CPU
		{62B49451-D1FE-44AA-86A4-B783B7B00CC7}.Debug|Any CPU.ActiveCfg = Debug|Any CPU
		{62B49451-D1FE-44AA-86A4-B783B7B00CC7}.Debug|Any CPU.Build.0 = Debug|Any CPU
		{62B49451-D1FE-44AA-86A4-B783B7B00CC7}.Debug|ARM.ActiveCfg = Debug|Any CPU
		{62B49451-D1FE-44AA-86A4-B783B7B00CC7}.Debug|ARM.Build.0 = Debug|Any CPU
		{62B49451-D1FE-44AA-86A4-B783B7B00CC7}.Debug|Mixed Platforms.ActiveCfg = Debug|Any CPU
		{62B49451-D1FE-44AA-86A4-B783B7B00CC7}.Debug|Mixed Platforms.Build.0 = Debug|Any CPU
		{62B49451-D1FE-44AA-86A4-B783B7B00CC7}.Debug|Win32.ActiveCfg = Debug|Any CPU
		{62B49451-D1FE-44AA-86A4-B783B7B00CC7}.Debug|Win32.Build.0 = Debug|Any CPU
		{62B49451-D1FE-44AA-86A4-B783B7B00CC7}.Debug|x64.ActiveCfg = Debug|Any CPU
		{62B49451-D1FE-44AA-86A4-B783B7B00CC7}.Debug|x64.Build.0 = Debug|Any CPU
		{62B49451-D1FE-44AA-86A4-B783B7B00CC7}.Debug|x86.ActiveCfg = Debug|Any CPU
		{62B49451-D1FE-44AA-86A4-B783B7B00CC7}.Debug|x86.Build.0 = Debug|Any CPU
		{62B49451-D1FE-44AA-86A4-B783B7B00CC7}.Release|Any CPU.ActiveCfg = Debug|Any CPU
		{62B49451-D1FE-44AA-86A4-B783B7B00CC7}.Release|Any CPU.Build.0 = Debug|Any CPU
		{62B49451-D1FE-44AA-86A4-B783B7B00CC7}.Release|ARM.ActiveCfg = Debug|Any CPU
		{62B49451-D1FE-44AA-86A4-B783B7B00CC7}.Release|ARM.Build.0 = Debug|Any CPU
		{62B49451-D1FE-44AA-86A4-B783B7B00CC7}.Release|Mixed Platforms.ActiveCfg = Debug|Any CPU
		{62B49451-D1FE-44AA-86A4-B783B7B00CC7}.Release|Mixed Platforms.Build.0 = Debug|Any CPU
		{62B49451-D1FE-44AA-86A4-B783B7B00CC7}.Release|Win32.ActiveCfg = Debug|Any CPU
		{62B49451-D1FE-44AA-86A4-B783B7B00CC7}.Release|Win32.Build.0 = Debug|Any CPU
		{62B49451-D1FE-44AA-86A4-B783B7B00CC7}.Release|x64.ActiveCfg = Debug|Any CPU
		{62B49451-D1FE-44AA-86A4-B783B7B00CC7}.Release|x64.Build.0 = Debug|Any CPU
		{62B49451-D1FE-44AA-86A4-B783B7B00CC7}.Release|x86.ActiveCfg = Debug|Any CPU
		{62B49451-D1FE-44AA-86A4-B783B7B00CC7}.Release|x86.Build.0 = Debug|Any CPU
		{61D79FA7-6176-43CA-B89E-9302777711C9}.Debug|Any CPU.ActiveCfg = Debug|Win32
		{61D79FA7-6176-43CA-B89E-9302777711C9}.Debug|ARM.ActiveCfg = Debug|Win32
		{61D79FA7-6176-43CA-B89E-9302777711C9}.Debug|Mixed Platforms.ActiveCfg = Debug|Win32
		{61D79FA7-6176-43CA-B89E-9302777711C9}.Debug|Mixed Platforms.Build.0 = Debug|Win32
		{61D79FA7-6176-43CA-B89E-9302777711C9}.Debug|Win32.ActiveCfg = Debug|Win32
		{61D79FA7-6176-43CA-B89E-9302777711C9}.Debug|Win32.Build.0 = Debug|Win32
		{61D79FA7-6176-43CA-B89E-9302777711C9}.Debug|x64.ActiveCfg = Debug|Win32
		{61D79FA7-6176-43CA-B89E-9302777711C9}.Debug|x86.ActiveCfg = Debug|Win32
		{61D79FA7-6176-43CA-B89E-9302777711C9}.Debug|x86.Build.0 = Debug|Win32
		{61D79FA7-6176-43CA-B89E-9302777711C9}.Release|Any CPU.ActiveCfg = Release|Win32
		{61D79FA7-6176-43CA-B89E-9302777711C9}.Release|ARM.ActiveCfg = Release|Win32
		{61D79FA7-6176-43CA-B89E-9302777711C9}.Release|Mixed Platforms.ActiveCfg = Release|Win32
		{61D79FA7-6176-43CA-B89E-9302777711C9}.Release|Mixed Platforms.Build.0 = Release|Win32
		{61D79FA7-6176-43CA-B89E-9302777711C9}.Release|Win32.ActiveCfg = Release|Win32
		{61D79FA7-6176-43CA-B89E-9302777711C9}.Release|Win32.Build.0 = Release|Win32
		{61D79FA7-6176-43CA-B89E-9302777711C9}.Release|x64.ActiveCfg = Release|Win32
		{61D79FA7-6176-43CA-B89E-9302777711C9}.Release|x86.ActiveCfg = Release|Win32
		{61D79FA7-6176-43CA-B89E-9302777711C9}.Release|x86.Build.0 = Release|Win32
		{02322F23-F4B3-4994-BF36-A6D6AEAF7018}.Debug|Any CPU.ActiveCfg = Debug|Win32
		{02322F23-F4B3-4994-BF36-A6D6AEAF7018}.Debug|ARM.ActiveCfg = Debug|Win32
		{02322F23-F4B3-4994-BF36-A6D6AEAF7018}.Debug|Mixed Platforms.ActiveCfg = Debug|Win32
		{02322F23-F4B3-4994-BF36-A6D6AEAF7018}.Debug|Mixed Platforms.Build.0 = Debug|Win32
		{02322F23-F4B3-4994-BF36-A6D6AEAF7018}.Debug|Win32.ActiveCfg = Debug|Win32
		{02322F23-F4B3-4994-BF36-A6D6AEAF7018}.Debug|Win32.Build.0 = Debug|Win32
		{02322F23-F4B3-4994-BF36-A6D6AEAF7018}.Debug|x64.ActiveCfg = Debug|Win32
		{02322F23-F4B3-4994-BF36-A6D6AEAF7018}.Debug|x86.ActiveCfg = Debug|Win32
		{02322F23-F4B3-4994-BF36-A6D6AEAF7018}.Debug|x86.Build.0 = Debug|Win32
		{02322F23-F4B3-4994-BF36-A6D6AEAF7018}.Release|Any CPU.ActiveCfg = Release|Win32
		{02322F23-F4B3-4994-BF36-A6D6AEAF7018}.Release|ARM.ActiveCfg = Release|Win32
		{02322F23-F4B3-4994-BF36-A6D6AEAF7018}.Release|Mixed Platforms.ActiveCfg = Release|Win32
		{02322F23-F4B3-4994-BF36-A6D6AEAF7018}.Release|Mixed Platforms.Build.0 = Release|Win32
		{02322F23-F4B3-4994-BF36-A6D6AEAF7018}.Release|Win32.ActiveCfg = Release|Win32
		{02322F23-F4B3-4994-BF36-A6D6AEAF7018}.Release|Win32.Build.0 = Release|Win32
		{02322F23-F4B3-4994-BF36-A6D6AEAF7018}.Release|x64.ActiveCfg = Release|Win32
		{02322F23-F4B3-4994-BF36-A6D6AEAF7018}.Release|x86.ActiveCfg = Release|Win32
		{02322F23-F4B3-4994-BF36-A6D6AEAF7018}.Release|x86.Build.0 = Release|Win32
		{175BAB23-1B9D-4A9B-A8AE-0873A99AFDAD}.Debug|Any CPU.ActiveCfg = Debug|Any CPU
		{175BAB23-1B9D-4A9B-A8AE-0873A99AFDAD}.Debug|Any CPU.Build.0 = Debug|Any CPU
		{175BAB23-1B9D-4A9B-A8AE-0873A99AFDAD}.Debug|ARM.ActiveCfg = Debug|Any CPU
		{175BAB23-1B9D-4A9B-A8AE-0873A99AFDAD}.Debug|Mixed Platforms.ActiveCfg = Debug|Any CPU
		{175BAB23-1B9D-4A9B-A8AE-0873A99AFDAD}.Debug|Mixed Platforms.Build.0 = Debug|Any CPU
		{175BAB23-1B9D-4A9B-A8AE-0873A99AFDAD}.Debug|Win32.ActiveCfg = Debug|Any CPU
		{175BAB23-1B9D-4A9B-A8AE-0873A99AFDAD}.Debug|x64.ActiveCfg = Debug|Any CPU
		{175BAB23-1B9D-4A9B-A8AE-0873A99AFDAD}.Debug|x86.ActiveCfg = Debug|Any CPU
		{175BAB23-1B9D-4A9B-A8AE-0873A99AFDAD}.Release|Any CPU.ActiveCfg = Release|Any CPU
		{175BAB23-1B9D-4A9B-A8AE-0873A99AFDAD}.Release|Any CPU.Build.0 = Release|Any CPU
		{175BAB23-1B9D-4A9B-A8AE-0873A99AFDAD}.Release|ARM.ActiveCfg = Release|Any CPU
		{175BAB23-1B9D-4A9B-A8AE-0873A99AFDAD}.Release|Mixed Platforms.ActiveCfg = Release|Any CPU
		{175BAB23-1B9D-4A9B-A8AE-0873A99AFDAD}.Release|Mixed Platforms.Build.0 = Release|Any CPU
		{175BAB23-1B9D-4A9B-A8AE-0873A99AFDAD}.Release|Win32.ActiveCfg = Release|Any CPU
		{175BAB23-1B9D-4A9B-A8AE-0873A99AFDAD}.Release|x64.ActiveCfg = Release|Any CPU
		{175BAB23-1B9D-4A9B-A8AE-0873A99AFDAD}.Release|x86.ActiveCfg = Release|Any CPU
		{D4938BEF-4223-4739-9D63-9963021674A3}.Debug|Any CPU.ActiveCfg = Debug|Any CPU
		{D4938BEF-4223-4739-9D63-9963021674A3}.Debug|Any CPU.Build.0 = Debug|Any CPU
		{D4938BEF-4223-4739-9D63-9963021674A3}.Debug|ARM.ActiveCfg = Debug|Any CPU
		{D4938BEF-4223-4739-9D63-9963021674A3}.Debug|Mixed Platforms.ActiveCfg = Debug|Any CPU
		{D4938BEF-4223-4739-9D63-9963021674A3}.Debug|Mixed Platforms.Build.0 = Debug|Any CPU
		{D4938BEF-4223-4739-9D63-9963021674A3}.Debug|Win32.ActiveCfg = Debug|Any CPU
		{D4938BEF-4223-4739-9D63-9963021674A3}.Debug|x64.ActiveCfg = Debug|Any CPU
		{D4938BEF-4223-4739-9D63-9963021674A3}.Debug|x86.ActiveCfg = Debug|Any CPU
		{D4938BEF-4223-4739-9D63-9963021674A3}.Release|Any CPU.ActiveCfg = Release|Any CPU
		{D4938BEF-4223-4739-9D63-9963021674A3}.Release|Any CPU.Build.0 = Release|Any CPU
		{D4938BEF-4223-4739-9D63-9963021674A3}.Release|ARM.ActiveCfg = Release|Any CPU
		{D4938BEF-4223-4739-9D63-9963021674A3}.Release|Mixed Platforms.ActiveCfg = Release|Any CPU
		{D4938BEF-4223-4739-9D63-9963021674A3}.Release|Mixed Platforms.Build.0 = Release|Any CPU
		{D4938BEF-4223-4739-9D63-9963021674A3}.Release|Win32.ActiveCfg = Release|Any CPU
		{D4938BEF-4223-4739-9D63-9963021674A3}.Release|x64.ActiveCfg = Release|Any CPU
		{D4938BEF-4223-4739-9D63-9963021674A3}.Release|x86.ActiveCfg = Release|Any CPU
		{008128C5-1C45-4146-9E8F-2AF16369116A}.Debug|Any CPU.ActiveCfg = Debug|Win32
		{008128C5-1C45-4146-9E8F-2AF16369116A}.Debug|ARM.ActiveCfg = Debug|Win32
		{008128C5-1C45-4146-9E8F-2AF16369116A}.Debug|Mixed Platforms.ActiveCfg = Debug|Win32
		{008128C5-1C45-4146-9E8F-2AF16369116A}.Debug|Mixed Platforms.Build.0 = Debug|Win32
		{008128C5-1C45-4146-9E8F-2AF16369116A}.Debug|Win32.ActiveCfg = Debug|Win32
		{008128C5-1C45-4146-9E8F-2AF16369116A}.Debug|Win32.Build.0 = Debug|Win32
		{008128C5-1C45-4146-9E8F-2AF16369116A}.Debug|x64.ActiveCfg = Debug|Win32
		{008128C5-1C45-4146-9E8F-2AF16369116A}.Debug|x86.ActiveCfg = Debug|Win32
		{008128C5-1C45-4146-9E8F-2AF16369116A}.Debug|x86.Build.0 = Debug|Win32
		{008128C5-1C45-4146-9E8F-2AF16369116A}.Release|Any CPU.ActiveCfg = Release|Win32
		{008128C5-1C45-4146-9E8F-2AF16369116A}.Release|ARM.ActiveCfg = Release|Win32
		{008128C5-1C45-4146-9E8F-2AF16369116A}.Release|Mixed Platforms.ActiveCfg = Release|Win32
		{008128C5-1C45-4146-9E8F-2AF16369116A}.Release|Mixed Platforms.Build.0 = Release|Win32
		{008128C5-1C45-4146-9E8F-2AF16369116A}.Release|Win32.ActiveCfg = Release|Win32
		{008128C5-1C45-4146-9E8F-2AF16369116A}.Release|Win32.Build.0 = Release|Win32
		{008128C5-1C45-4146-9E8F-2AF16369116A}.Release|x64.ActiveCfg = Release|Win32
		{008128C5-1C45-4146-9E8F-2AF16369116A}.Release|x86.ActiveCfg = Release|Win32
		{008128C5-1C45-4146-9E8F-2AF16369116A}.Release|x86.Build.0 = Release|Win32
	EndGlobalSection
	GlobalSection(SolutionProperties) = preSolution
		HideSolutionNode = FALSE
	EndGlobalSection
	GlobalSection(NestedProjects) = preSolution
		{8A52D525-52AF-4134-BB25-2F86AAE07FFE} = {A5E4F5C3-2087-4DD7-AC80-D245859FB93A}
		{31D22F47-8F5C-465B-96EC-5458C09D9BC3} = {A5E4F5C3-2087-4DD7-AC80-D245859FB93A}
		{A48DF91E-B15D-4B16-B0A2-CB470666B2AA} = {24917CCB-FB66-46E0-B605-E7A74D66092B}
		{697D42C5-0AB3-43BD-AB26-240BA65A9E3C} = {A5E4F5C3-2087-4DD7-AC80-D245859FB93A}
		{B6B2BC46-53FB-4C46-8E49-E658CCBB0371} = {24917CCB-FB66-46E0-B605-E7A74D66092B}
		{41E4B84D-456B-40C4-A921-82A8FB81F5FD} = {4D6A157C-6F5F-49A5-876C-62054FF1160C}
		{62B49451-D1FE-44AA-86A4-B783B7B00CC7} = {4D6A157C-6F5F-49A5-876C-62054FF1160C}
		{61D79FA7-6176-43CA-B89E-9302777711C9} = {4D6A157C-6F5F-49A5-876C-62054FF1160C}
		{02322F23-F4B3-4994-BF36-A6D6AEAF7018} = {B6B2BC46-53FB-4C46-8E49-E658CCBB0371}
		{175BAB23-1B9D-4A9B-A8AE-0873A99AFDAD} = {A48DF91E-B15D-4B16-B0A2-CB470666B2AA}
		{D4938BEF-4223-4739-9D63-9963021674A3} = {A48DF91E-B15D-4B16-B0A2-CB470666B2AA}
		{008128C5-1C45-4146-9E8F-2AF16369116A} = {4D6A157C-6F5F-49A5-876C-62054FF1160C}
	EndGlobalSection
EndGlobal
